// !$*UTF8*$!
{
	archiveVersion = 1;
	classes = {
	};
	objectVersion = 46;
	objects = {

/* Begin PBXBuildFile section */
		070C7A651CE3E7FF00F41413 /* HumanReactModule.m in Sources */ = {isa = PBXBuildFile; fileRef = 070C7A641CE3E7FF00F41413 /* HumanReactModule.m */; };
		070C7A691CE3E81F00F41413 /* HumanConnectViewController.m in Sources */ = {isa = PBXBuildFile; fileRef = 070C7A681CE3E81F00F41413 /* HumanConnectViewController.m */; };
/* End PBXBuildFile section */

/* Begin PBXCopyFilesBuildPhase section */
		070C7A551CE3E7A300F41413 /* CopyFiles */ = {
			isa = PBXCopyFilesBuildPhase;
			buildActionMask = 2147483647;
			dstPath = "include/$(PRODUCT_NAME)";
			dstSubfolderSpec = 16;
			files = (
			);
			runOnlyForDeploymentPostprocessing = 0;
		};
/* End PBXCopyFilesBuildPhase section */

/* Begin PBXFileReference section */
		070C7A571CE3E7A300F41413 /* libRNHumanAPI.a */ = {isa = PBXFileReference; explicitFileType = archive.ar; includeInIndex = 0; path = libRNHumanAPI.a; sourceTree = BUILT_PRODUCTS_DIR; };
		070C7A631CE3E7FF00F41413 /* HumanReactModule.h */ = {isa = PBXFileReference; fileEncoding = 4; lastKnownFileType = sourcecode.c.h; path = HumanReactModule.h; sourceTree = "<group>"; };
		070C7A641CE3E7FF00F41413 /* HumanReactModule.m */ = {isa = PBXFileReference; fileEncoding = 4; lastKnownFileType = sourcecode.c.objc; path = HumanReactModule.m; sourceTree = "<group>"; };
		070C7A671CE3E81F00F41413 /* HumanConnectViewController.h */ = {isa = PBXFileReference; fileEncoding = 4; lastKnownFileType = sourcecode.c.h; name = HumanConnectViewController.h; path = HumanAPI/HumanConnectViewController.h; sourceTree = "<group>"; };
		070C7A681CE3E81F00F41413 /* HumanConnectViewController.m */ = {isa = PBXFileReference; fileEncoding = 4; lastKnownFileType = sourcecode.c.objc; name = HumanConnectViewController.m; path = HumanAPI/HumanConnectViewController.m; sourceTree = "<group>"; };
/* End PBXFileReference section */

/* Begin PBXFrameworksBuildPhase section */
		070C7A541CE3E7A300F41413 /* Frameworks */ = {
			isa = PBXFrameworksBuildPhase;
			buildActionMask = 2147483647;
			files = (
			);
			runOnlyForDeploymentPostprocessing = 0;
		};
/* End PBXFrameworksBuildPhase section */

/* Begin PBXGroup section */
		070C7A4E1CE3E7A300F41413 = {
			isa = PBXGroup;
			children = (
				070C7A591CE3E7A300F41413 /* RNHumanAPI */,
				070C7A581CE3E7A300F41413 /* Products */,
			);
			sourceTree = "<group>";
		};
		070C7A581CE3E7A300F41413 /* Products */ = {
			isa = PBXGroup;
			children = (
				070C7A571CE3E7A300F41413 /* libRNHumanAPI.a */,
			);
			name = Products;
			sourceTree = "<group>";
		};
		070C7A591CE3E7A300F41413 /* RNHumanAPI */ = {
			isa = PBXGroup;
			children = (
				070C7A661CE3E81300F41413 /* HumanAPI */,
				070C7A631CE3E7FF00F41413 /* HumanReactModule.h */,
				070C7A641CE3E7FF00F41413 /* HumanReactModule.m */,
			);
			path = RNHumanAPI;
			sourceTree = "<group>";
		};
		070C7A661CE3E81300F41413 /* HumanAPI */ = {
			isa = PBXGroup;
			children = (
				070C7A671CE3E81F00F41413 /* HumanConnectViewController.h */,
				070C7A681CE3E81F00F41413 /* HumanConnectViewController.m */,
			);
			name = HumanAPI;
			sourceTree = "<group>";
		};
/* End PBXGroup section */

/* Begin PBXNativeTarget section */
		070C7A561CE3E7A300F41413 /* RNHumanAPI */ = {
			isa = PBXNativeTarget;
			buildConfigurationList = 070C7A601CE3E7A300F41413 /* Build configuration list for PBXNativeTarget "RNHumanAPI" */;
			buildPhases = (
				070C7A531CE3E7A300F41413 /* Sources */,
				070C7A541CE3E7A300F41413 /* Frameworks */,
				070C7A551CE3E7A300F41413 /* CopyFiles */,
			);
			buildRules = (
			);
			dependencies = (
			);
			name = RNHumanAPI;
			productName = RNHumanAPI;
			productReference = 070C7A571CE3E7A300F41413 /* libRNHumanAPI.a */;
			productType = "com.apple.product-type.library.static";
		};
/* End PBXNativeTarget section */

/* Begin PBXProject section */
		070C7A4F1CE3E7A300F41413 /* Project object */ = {
			isa = PBXProject;
			attributes = {
				LastUpgradeCheck = 0730;
				ORGANIZATIONNAME = holis.io;
				TargetAttributes = {
					070C7A561CE3E7A300F41413 = {
						CreatedOnToolsVersion = 7.3;
					};
				};
			};
			buildConfigurationList = 070C7A521CE3E7A300F41413 /* Build configuration list for PBXProject "RNHumanAPI" */;
			compatibilityVersion = "Xcode 3.2";
			developmentRegion = English;
			hasScannedForEncodings = 0;
			knownRegions = (
				en,
			);
			mainGroup = 070C7A4E1CE3E7A300F41413;
			productRefGroup = 070C7A581CE3E7A300F41413 /* Products */;
			projectDirPath = "";
			projectRoot = "";
			targets = (
				070C7A561CE3E7A300F41413 /* RNHumanAPI */,
			);
		};
/* End PBXProject section */

/* Begin PBXSourcesBuildPhase section */
		070C7A531CE3E7A300F41413 /* Sources */ = {
			isa = PBXSourcesBuildPhase;
			buildActionMask = 2147483647;
			files = (
				070C7A651CE3E7FF00F41413 /* HumanReactModule.m in Sources */,
				070C7A691CE3E81F00F41413 /* HumanConnectViewController.m in Sources */,
			);
			runOnlyForDeploymentPostprocessing = 0;
		};
/* End PBXSourcesBuildPhase section */

/* Begin XCBuildConfiguration section */
		070C7A5E1CE3E7A300F41413 /* Debug */ = {
			isa = XCBuildConfiguration;
			buildSettings = {
				ALWAYS_SEARCH_USER_PATHS = NO;
				CLANG_ANALYZER_NONNULL = YES;
				CLANG_CXX_LANGUAGE_STANDARD = "gnu++0x";
				CLANG_CXX_LIBRARY = "libc++";
				CLANG_ENABLE_MODULES = YES;
				CLANG_ENABLE_OBJC_ARC = YES;
				CLANG_WARN_BOOL_CONVERSION = YES;
				CLANG_WARN_CONSTANT_CONVERSION = YES;
				CLANG_WARN_DIRECT_OBJC_ISA_USAGE = YES_ERROR;
				CLANG_WARN_EMPTY_BODY = YES;
				CLANG_WARN_ENUM_CONVERSION = YES;
				CLANG_WARN_INT_CONVERSION = YES;
				CLANG_WARN_OBJC_ROOT_CLASS = YES_ERROR;
				CLANG_WARN_UNREACHABLE_CODE = YES;
				CLANG_WARN__DUPLICATE_METHOD_MATCH = YES;
				"CODE_SIGN_IDENTITY[sdk=iphoneos*]" = "iPhone Developer";
				COPY_PHASE_STRIP = NO;
				DEBUG_INFORMATION_FORMAT = dwarf;
				ENABLE_STRICT_OBJC_MSGSEND = YES;
				ENABLE_TESTABILITY = YES;
				GCC_C_LANGUAGE_STANDARD = gnu99;
				GCC_DYNAMIC_NO_PIC = NO;
				GCC_NO_COMMON_BLOCKS = YES;
				GCC_OPTIMIZATION_LEVEL = 0;
				GCC_PREPROCESSOR_DEFINITIONS = (
					"DEBUG=1",
					"$(inherited)",
				);
				GCC_WARN_64_TO_32_BIT_CONVERSION = YES;
				GCC_WARN_ABOUT_RETURN_TYPE = YES_ERROR;
				GCC_WARN_UNDECLARED_SELECTOR = YES;
				GCC_WARN_UNINITIALIZED_AUTOS = YES_AGGRESSIVE;
				GCC_WARN_UNUSED_FUNCTION = YES;
				GCC_WARN_UNUSED_VARIABLE = YES;
				IPHONEOS_DEPLOYMENT_TARGET = 9.3;
				MTL_ENABLE_DEBUG_INFO = YES;
				ONLY_ACTIVE_ARCH = YES;
				SDKROOT = iphoneos;
			};
			name = Debug;
		};
		070C7A5F1CE3E7A300F41413 /* Release */ = {
			isa = XCBuildConfiguration;
			buildSettings = {
				ALWAYS_SEARCH_USER_PATHS = NO;
				CLANG_ANALYZER_NONNULL = YES;
				CLANG_CXX_LANGUAGE_STANDARD = "gnu++0x";
				CLANG_CXX_LIBRARY = "libc++";
				CLANG_ENABLE_MODULES = YES;
				CLANG_ENABLE_OBJC_ARC = YES;
				CLANG_WARN_BOOL_CONVERSION = YES;
				CLANG_WARN_CONSTANT_CONVERSION = YES;
				CLANG_WARN_DIRECT_OBJC_ISA_USAGE = YES_ERROR;
				CLANG_WARN_EMPTY_BODY = YES;
				CLANG_WARN_ENUM_CONVERSION = YES;
				CLANG_WARN_INT_CONVERSION = YES;
				CLANG_WARN_OBJC_ROOT_CLASS = YES_ERROR;
				CLANG_WARN_UNREACHABLE_CODE = YES;
				CLANG_WARN__DUPLICATE_METHOD_MATCH = YES;
				"CODE_SIGN_IDENTITY[sdk=iphoneos*]" = "iPhone Developer";
				COPY_PHASE_STRIP = NO;
				DEBUG_INFORMATION_FORMAT = "dwarf-with-dsym";
				ENABLE_NS_ASSERTIONS = NO;
				ENABLE_STRICT_OBJC_MSGSEND = YES;
				GCC_C_LANGUAGE_STANDARD = gnu99;
				GCC_NO_COMMON_BLOCKS = YES;
				GCC_WARN_64_TO_32_BIT_CONVERSION = YES;
				GCC_WARN_ABOUT_RETURN_TYPE = YES_ERROR;
				GCC_WARN_UNDECLARED_SELECTOR = YES;
				GCC_WARN_UNINITIALIZED_AUTOS = YES_AGGRESSIVE;
				GCC_WARN_UNUSED_FUNCTION = YES;
				GCC_WARN_UNUSED_VARIABLE = YES;
				IPHONEOS_DEPLOYMENT_TARGET = 9.3;
				MTL_ENABLE_DEBUG_INFO = NO;
				SDKROOT = iphoneos;
				VALIDATE_PRODUCT = YES;
			};
			name = Release;
		};
		070C7A611CE3E7A300F41413 /* Debug */ = {
			isa = XCBuildConfiguration;
			buildSettings = {
				HEADER_SEARCH_PATHS = (
					"$(inherited)",
					"$(SRCROOT)/node_modules/react-native/React/**",
					"$(SRCROOT)/../react-native/React/**",
				);
				OTHER_LDFLAGS = "-ObjC";
				PRODUCT_NAME = "$(TARGET_NAME)";
				SKIP_INSTALL = YES;
			};
			name = Debug;
		};
		070C7A621CE3E7A300F41413 /* Release */ = {
			isa = XCBuildConfiguration;
			buildSettings = {
				HEADER_SEARCH_PATHS = (
					"$(inherited)",
					"$(SRCROOT)/node_modules/react-native/React/**",
					"$(SRCROOT)/../react-native/React/**",
				);
				OTHER_LDFLAGS = "-ObjC";
				PRODUCT_NAME = "$(TARGET_NAME)";
				SKIP_INSTALL = YES;
			};
			name = Release;
		};
/* End XCBuildConfiguration section */

/* Begin XCConfigurationList section */
		070C7A521CE3E7A300F41413 /* Build configuration list for PBXProject "RNHumanAPI" */ = {
			isa = XCConfigurationList;
			buildConfigurations = (
				070C7A5E1CE3E7A300F41413 /* Debug */,
				070C7A5F1CE3E7A300F41413 /* Release */,
			);
			defaultConfigurationIsVisible = 0;
			defaultConfigurationName = Release;
		};
		070C7A601CE3E7A300F41413 /* Build configuration list for PBXNativeTarget "RNHumanAPI" */ = {
			isa = XCConfigurationList;
			buildConfigurations = (
				070C7A611CE3E7A300F41413 /* Debug */,
				070C7A621CE3E7A300F41413 /* Release */,
			);
			defaultConfigurationIsVisible = 0;
			defaultConfigurationName = Release;
		};
/* End XCConfigurationList section */
	};
	rootObject = 070C7A4F1CE3E7A300F41413 /* Project object */;
}
